
Microsoft Visual Studio Solution File, Format Version 11.00
# Visual Studio 2010
Project("{2150E333-8FDC-42A3-9474-1A3956D46DE8}") = "Test", "Test", "{D69634FB-D3EF-41E6-AFC1-1487DF135FA2}"
EndProject
Project("{FAE04EC0-301F-11D3-BF4B-00C04F79EFBC}") = "Ditw.App.Lang.ConsoleTest", "Ditw.App.Lang.ConsoleTest\Ditw.App.Lang.ConsoleTest.csproj", "{87F7D6A5-D0C8-4C68-829D-6DAD782B2DE8}"
EndProject
Project("{FAE04EC0-301F-11D3-BF4B-00C04F79EFBC}") = "Ditw.App.Lang.Pattern", "Ditw.App.Lang.Pattern\Ditw.App.Lang.Pattern.csproj", "{86061BB4-A488-4C38-B195-8B916CC07265}"
EndProject
Project("{FAE04EC0-301F-11D3-BF4B-00C04F79EFBC}") = "Ditw.App.Lang.StaticData", "Ditw.App.Lang.StaticData\Ditw.App.Lang.StaticData.csproj", "{7553B9FD-ADA1-468B-AB9E-F518383AA1D3}"
EndProject
Project("{FAE04EC0-301F-11D3-BF4B-00C04F79EFBC}") = "Ditw.Test.Lang.Pattern", "Ditw.Test.Lang.Pattern\Ditw.Test.Lang.Pattern.csproj", "{E6D124F6-19A3-4A90-A270-262EBE38EA00}"
EndProject
Project("{FAE04EC0-301F-11D3-BF4B-00C04F79EFBC}") = "Ditw.Util.IO", "Ditw.Util.IO\Ditw.Util.IO.csproj", "{B01E939E-612A-4860-ADE6-2DD9D9A74080}"
EndProject
Project("{2150E333-8FDC-42A3-9474-1A3956D46DE8}") = "DB", "DB", "{FDAC43FC-617C-46C4-AFCD-377C0C2BC20D}"
EndProject
Project("{2150E333-8FDC-42A3-9474-1A3956D46DE8}") = "UTIL", "UTIL", "{8811874A-7098-4FFF-B5A2-BE59B070CBF2}"
EndProject
Project("{FAE04EC0-301F-11D3-BF4B-00C04F79EFBC}") = "Ditw.App.Util", "..\UTIL\Ditw.App.Util\Ditw.App.Util.csproj", "{7AD539ED-CB29-4841-958E-D0E051399F36}"
EndProject
Project("{FAE04EC0-301F-11D3-BF4B-00C04F79EFBC}") = "Ditw.App.Util.Algorithm", "..\UTIL\Ditw.App.Util.Algorithm\Ditw.App.Util.Algorithm.csproj", "{52F03265-ECAE-4D0D-B2A0-EA3AC15BDBFB}"
EndProject
Project("{FAE04EC0-301F-11D3-BF4B-00C04F79EFBC}") = "Ditw.Util.Xml", "..\UTIL\Ditw.Util.Xml\Ditw.Util.Xml.csproj", "{F39FA2D6-0E1A-4792-B375-1B5C4C6E510A}"
EndProject
Project("{FAE04EC0-301F-11D3-BF4B-00C04F79EFBC}") = "RFTestCases", "RFTestCases\RFTestCases.csproj", "{C2FFED15-8D5E-41F1-A8C7-B544F68B3B72}"
EndProject
Project("{2150E333-8FDC-42A3-9474-1A3956D46DE8}") = "TestCases", "TestCases", "{F91DA8EB-588F-4A8A-8BD0-9BAA5352F5BA}"
	ProjectSection(SolutionItems) = preProject
		TestText\business_transaction_sentences.xml = TestText\business_transaction_sentences.xml
		TestText\segmentation_zhs_acquire_all.xml = TestText\segmentation_zhs_acquire_all.xml
		TestText\zhs_acquire_all.xml = TestText\zhs_acquire_all.xml
		TestText\zhs_polrel_all.xml = TestText\zhs_polrel_all.xml
	EndProjectSection
EndProject
Project("{FAE04EC0-301F-11D3-BF4B-00C04F79EFBC}") = "Ditw.App.Lang.Tokenizer", "Ditw.App.Lang.Tokenizer\Ditw.App.Lang.Tokenizer.csproj", "{2B8CCE12-DF85-4B57-9296-34036F0AC43B}"
EndProject
Project("{FAE04EC0-301F-11D3-BF4B-00C04F79EFBC}") = "Ditw.Test.Lang.Segmentation", "Tests\Ditw.Test.Lang.Segmentation\Ditw.Test.Lang.Segmentation.csproj", "{44B53D5B-F989-451E-910F-4EFB2DBC628A}"
EndProject
Project("{2150E333-8FDC-42A3-9474-1A3956D46DE8}") = "Solution Items", "Solution Items", "{6D97827B-41C8-4C8F-A858-04783B9FD251}"
	ProjectSection(SolutionItems) = preProject
		Ditw.App.Lang.vsmdi = Ditw.App.Lang.vsmdi
		Local.testsettings = Local.testsettings
		TraceAndTestImpact.testsettings = TraceAndTestImpact.testsettings
	EndProjectSection
EndProject
Project("{FAE04EC0-301F-11D3-BF4B-00C04F79EFBC}") = "Ditw.Test.Lang.SegmentationTestCaseGenerator", "Tests\Ditw.Test.Lang.SegmentationTestCaseGenerator\Ditw.Test.Lang.SegmentationTestCaseGenerator.csproj", "{3033398E-74B4-4ABE-B88D-B2BCAD20DD0E}"
EndProject
Project("{FAE04EC0-301F-11D3-BF4B-00C04F79EFBC}") = "Ditw.App.MediaSource.DataLayer", "..\..\NewsFeeds\Ditw.App.MediaSource.DataLayer\Ditw.App.MediaSource.DataLayer.csproj", "{D225D4F0-5F02-4E7A-A7CA-D13783A983CE}"
EndProject
Project("{FAE04EC0-301F-11D3-BF4B-00C04F79EFBC}") = "Ditw.App.MediaSource.DbUtil", "..\..\NewsFeeds\Ditw.App.MediaSource.DbUtil\Ditw.App.MediaSource.DbUtil.csproj", "{09D28800-6188-43BE-86FC-1B010C322F80}"
EndProject
Global
	GlobalSection(TestCaseManagementSettings) = postSolution
		CategoryFile = Ditw.App.Lang.vsmdi
	EndGlobalSection
	GlobalSection(SolutionConfigurationPlatforms) = preSolution
		Debug|Any CPU = Debug|Any CPU
		Debug|Itanium = Debug|Itanium
		Debug|x86 = Debug|x86
		Release|Any CPU = Release|Any CPU
		Release|Itanium = Release|Itanium
		Release|x86 = Release|x86
	EndGlobalSection
	GlobalSection(ProjectConfigurationPlatforms) = postSolution
		{87F7D6A5-D0C8-4C68-829D-6DAD782B2DE8}.Debug|Any CPU.ActiveCfg = Debug|Any CPU
		{87F7D6A5-D0C8-4C68-829D-6DAD782B2DE8}.Debug|Any CPU.Build.0 = Debug|Any CPU
		{87F7D6A5-D0C8-4C68-829D-6DAD782B2DE8}.Debug|Itanium.ActiveCfg = Debug|Itanium
		{87F7D6A5-D0C8-4C68-829D-6DAD782B2DE8}.Debug|Itanium.Build.0 = Debug|Itanium
		{87F7D6A5-D0C8-4C68-829D-6DAD782B2DE8}.Debug|x86.ActiveCfg = Debug|x86
		{87F7D6A5-D0C8-4C68-829D-6DAD782B2DE8}.Debug|x86.Build.0 = Debug|x86
		{87F7D6A5-D0C8-4C68-829D-6DAD782B2DE8}.Release|Any CPU.ActiveCfg = Release|Any CPU
		{87F7D6A5-D0C8-4C68-829D-6DAD782B2DE8}.Release|Any CPU.Build.0 = Release|Any CPU
		{87F7D6A5-D0C8-4C68-829D-6DAD782B2DE8}.Release|Itanium.ActiveCfg = Release|Itanium
		{87F7D6A5-D0C8-4C68-829D-6DAD782B2DE8}.Release|Itanium.Build.0 = Release|Itanium
		{87F7D6A5-D0C8-4C68-829D-6DAD782B2DE8}.Release|x86.ActiveCfg = Release|x86
		{87F7D6A5-D0C8-4C68-829D-6DAD782B2DE8}.Release|x86.Build.0 = Release|x86
		{86061BB4-A488-4C38-B195-8B916CC07265}.Debug|Any CPU.ActiveCfg = Debug|Any CPU
		{86061BB4-A488-4C38-B195-8B916CC07265}.Debug|Any CPU.Build.0 = Debug|Any CPU
		{86061BB4-A488-4C38-B195-8B916CC07265}.Debug|Itanium.ActiveCfg = Debug|Itanium
		{86061BB4-A488-4C38-B195-8B916CC07265}.Debug|Itanium.Build.0 = Debug|Itanium
		{86061BB4-A488-4C38-B195-8B916CC07265}.Debug|x86.ActiveCfg = Debug|x86
		{86061BB4-A488-4C38-B195-8B916CC07265}.Debug|x86.Build.0 = Debug|x86
		{86061BB4-A488-4C38-B195-8B916CC07265}.Release|Any CPU.ActiveCfg = Release|Any CPU
		{86061BB4-A488-4C38-B195-8B916CC07265}.Release|Any CPU.Build.0 = Release|Any CPU
		{86061BB4-A488-4C38-B195-8B916CC07265}.Release|Itanium.ActiveCfg = Release|Itanium
		{86061BB4-A488-4C38-B195-8B916CC07265}.Release|Itanium.Build.0 = Release|Itanium
		{86061BB4-A488-4C38-B195-8B916CC07265}.Release|x86.ActiveCfg = Release|x86
		{86061BB4-A488-4C38-B195-8B916CC07265}.Release|x86.Build.0 = Release|x86
		{7553B9FD-ADA1-468B-AB9E-F518383AA1D3}.Debug|Any CPU.ActiveCfg = Debug|Any CPU
		{7553B9FD-ADA1-468B-AB9E-F518383AA1D3}.Debug|Any CPU.Build.0 = Debug|Any CPU
		{7553B9FD-ADA1-468B-AB9E-F518383AA1D3}.Debug|Itanium.ActiveCfg = Debug|Itanium
		{7553B9FD-ADA1-468B-AB9E-F518383AA1D3}.Debug|Itanium.Build.0 = Debug|Itanium
		{7553B9FD-ADA1-468B-AB9E-F518383AA1D3}.Debug|x86.ActiveCfg = Debug|x86
		{7553B9FD-ADA1-468B-AB9E-F518383AA1D3}.Debug|x86.Build.0 = Debug|x86
		{7553B9FD-ADA1-468B-AB9E-F518383AA1D3}.Release|Any CPU.ActiveCfg = Release|Any CPU
		{7553B9FD-ADA1-468B-AB9E-F518383AA1D3}.Release|Any CPU.Build.0 = Release|Any CPU
		{7553B9FD-ADA1-468B-AB9E-F518383AA1D3}.Release|Itanium.ActiveCfg = Release|Itanium
		{7553B9FD-ADA1-468B-AB9E-F518383AA1D3}.Release|Itanium.Build.0 = Release|Itanium
		{7553B9FD-ADA1-468B-AB9E-F518383AA1D3}.Release|x86.ActiveCfg = Release|x86
		{7553B9FD-ADA1-468B-AB9E-F518383AA1D3}.Release|x86.Build.0 = Release|x86
		{E6D124F6-19A3-4A90-A270-262EBE38EA00}.Debug|Any CPU.ActiveCfg = Debug|Any CPU
		{E6D124F6-19A3-4A90-A270-262EBE38EA00}.Debug|Any CPU.Build.0 = Debug|Any CPU
		{E6D124F6-19A3-4A90-A270-262EBE38EA00}.Debug|Itanium.ActiveCfg = Debug|Itanium
		{E6D124F6-19A3-4A90-A270-262EBE38EA00}.Debug|Itanium.Build.0 = Debug|Itanium
		{E6D124F6-19A3-4A90-A270-262EBE38EA00}.Debug|x86.ActiveCfg = Debug|x86
		{E6D124F6-19A3-4A90-A270-262EBE38EA00}.Debug|x86.Build.0 = Debug|x86
		{E6D124F6-19A3-4A90-A270-262EBE38EA00}.Release|Any CPU.ActiveCfg = Release|Any CPU
		{E6D124F6-19A3-4A90-A270-262EBE38EA00}.Release|Any CPU.Build.0 = Release|Any CPU
		{E6D124F6-19A3-4A90-A270-262EBE38EA00}.Release|Itanium.ActiveCfg = Release|Itanium
		{E6D124F6-19A3-4A90-A270-262EBE38EA00}.Release|Itanium.Build.0 = Release|Itanium
		{E6D124F6-19A3-4A90-A270-262EBE38EA00}.Release|x86.ActiveCfg = Release|x86
		{E6D124F6-19A3-4A90-A270-262EBE38EA00}.Release|x86.Build.0 = Release|x86
		{B01E939E-612A-4860-ADE6-2DD9D9A74080}.Debug|Any CPU.ActiveCfg = Debug|Any CPU
		{B01E939E-612A-4860-ADE6-2DD9D9A74080}.Debug|Any CPU.Build.0 = Debug|Any CPU
		{B01E939E-612A-4860-ADE6-2DD9D9A74080}.Debug|Itanium.ActiveCfg = Debug|Itanium
		{B01E939E-612A-4860-ADE6-2DD9D9A74080}.Debug|Itanium.Build.0 = Debug|Itanium
		{B01E939E-612A-4860-ADE6-2DD9D9A74080}.Debug|x86.ActiveCfg = Debug|Itanium
		{B01E939E-612A-4860-ADE6-2DD9D9A74080}.Release|Any CPU.ActiveCfg = Release|Any CPU
		{B01E939E-612A-4860-ADE6-2DD9D9A74080}.Release|Any CPU.Build.0 = Release|Any CPU
		{B01E939E-612A-4860-ADE6-2DD9D9A74080}.Release|Itanium.ActiveCfg = Release|Itanium
		{B01E939E-612A-4860-ADE6-2DD9D9A74080}.Release|Itanium.Build.0 = Release|Itanium
		{B01E939E-612A-4860-ADE6-2DD9D9A74080}.Release|x86.ActiveCfg = Release|Itanium
		{7AD539ED-CB29-4841-958E-D0E051399F36}.Debug|Any CPU.ActiveCfg = Debug|Any CPU
		{7AD539ED-CB29-4841-958E-D0E051399F36}.Debug|Any CPU.Build.0 = Debug|Any CPU
		{7AD539ED-CB29-4841-958E-D0E051399F36}.Debug|Itanium.ActiveCfg = Debug|Itanium
		{7AD539ED-CB29-4841-958E-D0E051399F36}.Debug|Itanium.Build.0 = Debug|Itanium
		{7AD539ED-CB29-4841-958E-D0E051399F36}.Debug|x86.ActiveCfg = Debug|Itanium
		{7AD539ED-CB29-4841-958E-D0E051399F36}.Release|Any CPU.ActiveCfg = Release|Any CPU
		{7AD539ED-CB29-4841-958E-D0E051399F36}.Release|Any CPU.Build.0 = Release|Any CPU
		{7AD539ED-CB29-4841-958E-D0E051399F36}.Release|Itanium.ActiveCfg = Release|Itanium
		{7AD539ED-CB29-4841-958E-D0E051399F36}.Release|Itanium.Build.0 = Release|Itanium
		{7AD539ED-CB29-4841-958E-D0E051399F36}.Release|x86.ActiveCfg = Release|Itanium
		{52F03265-ECAE-4D0D-B2A0-EA3AC15BDBFB}.Debug|Any CPU.ActiveCfg = Debug|Any CPU
		{52F03265-ECAE-4D0D-B2A0-EA3AC15BDBFB}.Debug|Any CPU.Build.0 = Debug|Any CPU
		{52F03265-ECAE-4D0D-B2A0-EA3AC15BDBFB}.Debug|Itanium.ActiveCfg = Debug|Itanium
		{52F03265-ECAE-4D0D-B2A0-EA3AC15BDBFB}.Debug|Itanium.Build.0 = Debug|Itanium
		{52F03265-ECAE-4D0D-B2A0-EA3AC15BDBFB}.Debug|x86.ActiveCfg = Debug|Itanium
		{52F03265-ECAE-4D0D-B2A0-EA3AC15BDBFB}.Release|Any CPU.ActiveCfg = Release|Any CPU
		{52F03265-ECAE-4D0D-B2A0-EA3AC15BDBFB}.Release|Any CPU.Build.0 = Release|Any CPU
		{52F03265-ECAE-4D0D-B2A0-EA3AC15BDBFB}.Release|Itanium.ActiveCfg = Release|Itanium
		{52F03265-ECAE-4D0D-B2A0-EA3AC15BDBFB}.Release|Itanium.Build.0 = Release|Itanium
		{52F03265-ECAE-4D0D-B2A0-EA3AC15BDBFB}.Release|x86.ActiveCfg = Release|Itanium
		{F39FA2D6-0E1A-4792-B375-1B5C4C6E510A}.Debug|Any CPU.ActiveCfg = Debug|Any CPU
		{F39FA2D6-0E1A-4792-B375-1B5C4C6E510A}.Debug|Any CPU.Build.0 = Debug|Any CPU
		{F39FA2D6-0E1A-4792-B375-1B5C4C6E510A}.Debug|Itanium.ActiveCfg = Debug|Itanium
		{F39FA2D6-0E1A-4792-B375-1B5C4C6E510A}.Debug|Itanium.Build.0 = Debug|Itanium
		{F39FA2D6-0E1A-4792-B375-1B5C4C6E510A}.Debug|x86.ActiveCfg = Debug|Itanium
		{F39FA2D6-0E1A-4792-B375-1B5C4C6E510A}.Release|Any CPU.ActiveCfg = Release|Any CPU
		{F39FA2D6-0E1A-4792-B375-1B5C4C6E510A}.Release|Any CPU.Build.0 = Release|Any CPU
		{F39FA2D6-0E1A-4792-B375-1B5C4C6E510A}.Release|Itanium.ActiveCfg = Release|Itanium
		{F39FA2D6-0E1A-4792-B375-1B5C4C6E510A}.Release|Itanium.Build.0 = Release|Itanium
		{F39FA2D6-0E1A-4792-B375-1B5C4C6E510A}.Release|x86.ActiveCfg = Release|Itanium
		{C2FFED15-8D5E-41F1-A8C7-B544F68B3B72}.Debug|Any CPU.ActiveCfg = Debug|Any CPU
		{C2FFED15-8D5E-41F1-A8C7-B544F68B3B72}.Debug|Any CPU.Build.0 = Debug|Any CPU
		{C2FFED15-8D5E-41F1-A8C7-B544F68B3B72}.Debug|Itanium.ActiveCfg = Debug|Itanium
		{C2FFED15-8D5E-41F1-A8C7-B544F68B3B72}.Debug|Itanium.Build.0 = Debug|Itanium
		{C2FFED15-8D5E-41F1-A8C7-B544F68B3B72}.Debug|x86.ActiveCfg = Debug|Itanium
		{C2FFED15-8D5E-41F1-A8C7-B544F68B3B72}.Release|Any CPU.ActiveCfg = Release|Any CPU
		{C2FFED15-8D5E-41F1-A8C7-B544F68B3B72}.Release|Any CPU.Build.0 = Release|Any CPU
		{C2FFED15-8D5E-41F1-A8C7-B544F68B3B72}.Release|Itanium.ActiveCfg = Release|Itanium
		{C2FFED15-8D5E-41F1-A8C7-B544F68B3B72}.Release|Itanium.Build.0 = Release|Itanium
		{C2FFED15-8D5E-41F1-A8C7-B544F68B3B72}.Release|x86.ActiveCfg = Release|Itanium
		{2B8CCE12-DF85-4B57-9296-34036F0AC43B}.Debug|Any CPU.ActiveCfg = Debug|Any CPU
		{2B8CCE12-DF85-4B57-9296-34036F0AC43B}.Debug|Any CPU.Build.0 = Debug|Any CPU
		{2B8CCE12-DF85-4B57-9296-34036F0AC43B}.Debug|Itanium.ActiveCfg = Debug|Itanium
		{2B8CCE12-DF85-4B57-9296-34036F0AC43B}.Debug|Itanium.Build.0 = Debug|Itanium
		{2B8CCE12-DF85-4B57-9296-34036F0AC43B}.Debug|x86.ActiveCfg = Debug|Itanium
		{2B8CCE12-DF85-4B57-9296-34036F0AC43B}.Release|Any CPU.ActiveCfg = Release|Any CPU
		{2B8CCE12-DF85-4B57-9296-34036F0AC43B}.Release|Any CPU.Build.0 = Release|Any CPU
		{2B8CCE12-DF85-4B57-9296-34036F0AC43B}.Release|Itanium.ActiveCfg = Release|Itanium
		{2B8CCE12-DF85-4B57-9296-34036F0AC43B}.Release|Itanium.Build.0 = Release|Itanium
		{2B8CCE12-DF85-4B57-9296-34036F0AC43B}.Release|x86.ActiveCfg = Release|Itanium
		{44B53D5B-F989-451E-910F-4EFB2DBC628A}.Debug|Any CPU.ActiveCfg = Debug|Any CPU
		{44B53D5B-F989-451E-910F-4EFB2DBC628A}.Debug|Any CPU.Build.0 = Debug|Any CPU
		{44B53D5B-F989-451E-910F-4EFB2DBC628A}.Debug|Itanium.ActiveCfg = Debug|Itanium
		{44B53D5B-F989-451E-910F-4EFB2DBC628A}.Debug|Itanium.Build.0 = Debug|Itanium
		{44B53D5B-F989-451E-910F-4EFB2DBC628A}.Debug|x86.ActiveCfg = Debug|Itanium
		{44B53D5B-F989-451E-910F-4EFB2DBC628A}.Release|Any CPU.ActiveCfg = Release|Any CPU
		{44B53D5B-F989-451E-910F-4EFB2DBC628A}.Release|Any CPU.Build.0 = Release|Any CPU
		{44B53D5B-F989-451E-910F-4EFB2DBC628A}.Release|Itanium.ActiveCfg = Release|Itanium
		{44B53D5B-F989-451E-910F-4EFB2DBC628A}.Release|Itanium.Build.0 = Release|Itanium
		{44B53D5B-F989-451E-910F-4EFB2DBC628A}.Release|x86.ActiveCfg = Release|Itanium
		{3033398E-74B4-4ABE-B88D-B2BCAD20DD0E}.Debug|Any CPU.ActiveCfg = Debug|Any CPU
		{3033398E-74B4-4ABE-B88D-B2BCAD20DD0E}.Debug|Any CPU.Build.0 = Debug|Any CPU
		{3033398E-74B4-4ABE-B88D-B2BCAD20DD0E}.Debug|Itanium.ActiveCfg = Debug|Itanium
		{3033398E-74B4-4ABE-B88D-B2BCAD20DD0E}.Debug|Itanium.Build.0 = Debug|Itanium
		{3033398E-74B4-4ABE-B88D-B2BCAD20DD0E}.Debug|x86.ActiveCfg = Debug|x86
		{3033398E-74B4-4ABE-B88D-B2BCAD20DD0E}.Debug|x86.Build.0 = Debug|x86
		{3033398E-74B4-4ABE-B88D-B2BCAD20DD0E}.Release|Any CPU.ActiveCfg = Release|Any CPU
		{3033398E-74B4-4ABE-B88D-B2BCAD20DD0E}.Release|Any CPU.Build.0 = Release|Any CPU
		{3033398E-74B4-4ABE-B88D-B2BCAD20DD0E}.Release|Itanium.ActiveCfg = Release|Itanium
		{3033398E-74B4-4ABE-B88D-B2BCAD20DD0E}.Release|Itanium.Build.0 = Release|Itanium
		{3033398E-74B4-4ABE-B88D-B2BCAD20DD0E}.Release|x86.ActiveCfg = Release|x86
		{3033398E-74B4-4ABE-B88D-B2BCAD20DD0E}.Release|x86.Build.0 = Release|x86
		{D225D4F0-5F02-4E7A-A7CA-D13783A983CE}.Debug|Any CPU.ActiveCfg = Debug|Any CPU
		{D225D4F0-5F02-4E7A-A7CA-D13783A983CE}.Debug|Any CPU.Build.0 = Debug|Any CPU
		{D225D4F0-5F02-4E7A-A7CA-D13783A983CE}.Debug|Itanium.ActiveCfg = Debug|Itanium
		{D225D4F0-5F02-4E7A-A7CA-D13783A983CE}.Debug|Itanium.Build.0 = Debug|Itanium
		{D225D4F0-5F02-4E7A-A7CA-D13783A983CE}.Debug|x86.ActiveCfg = Debug|x86
		{D225D4F0-5F02-4E7A-A7CA-D13783A983CE}.Debug|x86.Build.0 = Debug|x86
		{D225D4F0-5F02-4E7A-A7CA-D13783A983CE}.Release|Any CPU.ActiveCfg = Release|Any CPU
		{D225D4F0-5F02-4E7A-A7CA-D13783A983CE}.Release|Any CPU.Build.0 = Release|Any CPU
		{D225D4F0-5F02-4E7A-A7CA-D13783A983CE}.Release|Itanium.ActiveCfg = Release|Itanium
		{D225D4F0-5F02-4E7A-A7CA-D13783A983CE}.Release|Itanium.Build.0 = Release|Itanium
		{D225D4F0-5F02-4E7A-A7CA-D13783A983CE}.Release|x86.ActiveCfg = Release|x86
		{D225D4F0-5F02-4E7A-A7CA-D13783A983CE}.Release|x86.Build.0 = Release|x86
		{09D28800-6188-43BE-86FC-1B010C322F80}.Debug|Any CPU.ActiveCfg = Debug|Any CPU
		{09D28800-6188-43BE-86FC-1B010C322F80}.Debug|Any CPU.Build.0 = Debug|Any CPU
		{09D28800-6188-43BE-86FC-1B010C322F80}.Debug|Itanium.ActiveCfg = Debug|Itanium
		{09D28800-6188-43BE-86FC-1B010C322F80}.Debug|Itanium.Build.0 = Debug|Itanium
		{09D28800-6188-43BE-86FC-1B010C322F80}.Debug|x86.ActiveCfg = Debug|x86
		{09D28800-6188-43BE-86FC-1B010C322F80}.Debug|x86.Build.0 = Debug|x86
		{09D28800-6188-43BE-86FC-1B010C322F80}.Release|Any CPU.ActiveCfg = Release|Any CPU
		{09D28800-6188-43BE-86FC-1B010C322F80}.Release|Any CPU.Build.0 = Release|Any CPU
		{09D28800-6188-43BE-86FC-1B010C322F80}.Release|Itanium.ActiveCfg = Release|Itanium
		{09D28800-6188-43BE-86FC-1B010C322F80}.Release|Itanium.Build.0 = Release|Itanium
		{09D28800-6188-43BE-86FC-1B010C322F80}.Release|x86.ActiveCfg = Release|x86
		{09D28800-6188-43BE-86FC-1B010C322F80}.Release|x86.Build.0 = Release|x86
	EndGlobalSection
	GlobalSection(SolutionProperties) = preSolution
		HideSolutionNode = FALSE
	EndGlobalSection
	GlobalSection(NestedProjects) = preSolution
		{C2FFED15-8D5E-41F1-A8C7-B544F68B3B72} = {D69634FB-D3EF-41E6-AFC1-1487DF135FA2}
		{F91DA8EB-588F-4A8A-8BD0-9BAA5352F5BA} = {D69634FB-D3EF-41E6-AFC1-1487DF135FA2}
		{44B53D5B-F989-451E-910F-4EFB2DBC628A} = {D69634FB-D3EF-41E6-AFC1-1487DF135FA2}
		{6D97827B-41C8-4C8F-A858-04783B9FD251} = {D69634FB-D3EF-41E6-AFC1-1487DF135FA2}
		{3033398E-74B4-4ABE-B88D-B2BCAD20DD0E} = {D69634FB-D3EF-41E6-AFC1-1487DF135FA2}
		{D225D4F0-5F02-4E7A-A7CA-D13783A983CE} = {FDAC43FC-617C-46C4-AFCD-377C0C2BC20D}
		{09D28800-6188-43BE-86FC-1B010C322F80} = {FDAC43FC-617C-46C4-AFCD-377C0C2BC20D}
		{7AD539ED-CB29-4841-958E-D0E051399F36} = {8811874A-7098-4FFF-B5A2-BE59B070CBF2}
		{52F03265-ECAE-4D0D-B2A0-EA3AC15BDBFB} = {8811874A-7098-4FFF-B5A2-BE59B070CBF2}
		{F39FA2D6-0E1A-4792-B375-1B5C4C6E510A} = {8811874A-7098-4FFF-B5A2-BE59B070CBF2}
	EndGlobalSection
EndGlobal
